
Microsoft Visual Studio Solution File, Format Version 11.00
# Visual Studio 2010
Project("{FAE04EC0-301F-11D3-BF4B-00C04F79EFBC}") = "NamSearch", "NamSearch.csproj", "{A9271788-6304-464B-B61A-3B472918EECE}"
EndProject
Project("{FAE04EC0-301F-11D3-BF4B-00C04F79EFBC}") = "NamSearch.Tests", "..\NamSearch.Tests\NamSearch.Tests.csproj", "{8B02917A-0C18-424E-A271-9C4B8532E18B}"
EndProject
Project("{2150E333-8FDC-42A3-9474-1A3956D46DE8}") = "Bin", "Bin", "{85369B40-094E-42FE-AD35-2BF7C8053D16}"
	ProjectSection(SolutionItems) = preProject
		..\Bin\Castle.Core.dll = ..\Bin\Castle.Core.dll
		..\Bin\Castle.DynamicProxy2.dll = ..\Bin\Castle.DynamicProxy2.dll
		..\Bin\Castle.MicroKernel.dll = ..\Bin\Castle.MicroKernel.dll
		..\Bin\Castle.Windsor.dll = ..\Bin\Castle.Windsor.dll
		..\Bin\Common.Logging.dll = ..\Bin\Common.Logging.dll
		..\Bin\Elmah.dll = ..\Bin\Elmah.dll
		..\Bin\FluentNHibernate.dll = ..\Bin\FluentNHibernate.dll
		..\Bin\HibernatingRhinos.Profiler.Appender.dll = ..\Bin\HibernatingRhinos.Profiler.Appender.dll
		..\Bin\Iesi.Collections.dll = ..\Bin\Iesi.Collections.dll
		..\Bin\log4net.dll = ..\Bin\log4net.dll
		..\Bin\Microsoft.Practices.ServiceLocation.dll = ..\Bin\Microsoft.Practices.ServiceLocation.dll
		..\Bin\Microsoft.Web.Mvc.dll = ..\Bin\Microsoft.Web.Mvc.dll
		..\Bin\MvcContrib.Castle.dll = ..\Bin\MvcContrib.Castle.dll
		..\Bin\MvcContrib.dll = ..\Bin\MvcContrib.dll
		..\Bin\MvcContrib.FluentHtml.dll = ..\Bin\MvcContrib.FluentHtml.dll
		..\Bin\MvcContrib.TestHelper.dll = ..\Bin\MvcContrib.TestHelper.dll
		..\Bin\Newtonsoft.Json.dll = ..\Bin\Newtonsoft.Json.dll
		..\Bin\NHibernate.ByteCode.Spring.dll = ..\Bin\NHibernate.ByteCode.Spring.dll
		..\Bin\NHibernate.dll = ..\Bin\NHibernate.dll
		..\Bin\NHibernate.Linq.dll = ..\Bin\NHibernate.Linq.dll
		..\Bin\NHibernate.Validator.dll = ..\Bin\NHibernate.Validator.dll
		..\Bin\Rhino.Mocks.dll = ..\Bin\Rhino.Mocks.dll
		..\Bin\Spring.Aop.dll = ..\Bin\Spring.Aop.dll
		..\Bin\Spring.Core.dll = ..\Bin\Spring.Core.dll
		..\Bin\System.Data.SQLite.DLL = ..\Bin\System.Data.SQLite.DLL
		..\Bin\Telerik.Web.Mvc.dll = ..\Bin\Telerik.Web.Mvc.dll
		..\Bin\UCDArch.Core.dll = ..\Bin\UCDArch.Core.dll
		..\Bin\UCDArch.Core.NHibernateValidator.dll = ..\Bin\UCDArch.Core.NHibernateValidator.dll
		..\Bin\UCDArch.Data.dll = ..\Bin\UCDArch.Data.dll
		..\Bin\UCDArch.Testing.dll = ..\Bin\UCDArch.Testing.dll
		..\Bin\UCDArch.Web.dll = ..\Bin\UCDArch.Web.dll
		..\Bin\UCDArch.Web.Providers.dll = ..\Bin\UCDArch.Web.Providers.dll
		..\Bin\xVal.dll = ..\Bin\xVal.dll
	EndProjectSection
EndProject
Project("{FAE04EC0-301F-11D3-BF4B-00C04F79EFBC}") = "NamSearch.Core", "..\NamSearch.Core\NamSearch.Core.csproj", "{7E19C993-D8FA-42E3-8D50-29DCFC1C78C1}"
EndProject
Project("{2150E333-8FDC-42A3-9474-1A3956D46DE8}") = "Solution Items", "Solution Items", "{5F5BFDFB-F50F-4D63-B3EC-349284B92306}"
	ProjectSection(SolutionItems) = preProject
		HTMLPage1.htm = HTMLPage1.htm
	EndProjectSection
EndProject
Global
	GlobalSection(SolutionConfigurationPlatforms) = preSolution
		Debug|Any CPU = Debug|Any CPU
		Release|Any CPU = Release|Any CPU
	EndGlobalSection
	GlobalSection(ProjectConfigurationPlatforms) = postSolution
		{A9271788-6304-464B-B61A-3B472918EECE}.Debug|Any CPU.ActiveCfg = Debug|Any CPU
		{A9271788-6304-464B-B61A-3B472918EECE}.Debug|Any CPU.Build.0 = Debug|Any CPU
		{A9271788-6304-464B-B61A-3B472918EECE}.Release|Any CPU.ActiveCfg = Release|Any CPU
		{A9271788-6304-464B-B61A-3B472918EECE}.Release|Any CPU.Build.0 = Release|Any CPU
		{8B02917A-0C18-424E-A271-9C4B8532E18B}.Debug|Any CPU.ActiveCfg = Debug|Any CPU
		{8B02917A-0C18-424E-A271-9C4B8532E18B}.Debug|Any CPU.Build.0 = Debug|Any CPU
		{8B02917A-0C18-424E-A271-9C4B8532E18B}.Release|Any CPU.ActiveCfg = Release|Any CPU
		{8B02917A-0C18-424E-A271-9C4B8532E18B}.Release|Any CPU.Build.0 = Release|Any CPU
		{7E19C993-D8FA-42E3-8D50-29DCFC1C78C1}.Debug|Any CPU.ActiveCfg = Debug|Any CPU
		{7E19C993-D8FA-42E3-8D50-29DCFC1C78C1}.Debug|Any CPU.Build.0 = Debug|Any CPU
		{7E19C993-D8FA-42E3-8D50-29DCFC1C78C1}.Release|Any CPU.ActiveCfg = Release|Any CPU
		{7E19C993-D8FA-42E3-8D50-29DCFC1C78C1}.Release|Any CPU.Build.0 = Release|Any CPU
	EndGlobalSection
	GlobalSection(SolutionProperties) = preSolution
		HideSolutionNode = FALSE
	EndGlobalSection
EndGlobal
