
Microsoft Visual Studio Solution File, Format Version 11.00
# Visual Studio 2010
Project("{FAE04EC0-301F-11D3-BF4B-00C04F79EFBC}") = "NamSearch", "NamSearch.csproj", "{A9271788-6304-464B-B61A-3B472918EECE}"
EndProject
Project("{FAE04EC0-301F-11D3-BF4B-00C04F79EFBC}") = "NamSearch.Tests", "..\NamSearch.Tests\NamSearch.Tests.csproj", "{8B02917A-0C18-424E-A271-9C4B8532E18B}"
EndProject
Global
	GlobalSection(SolutionConfigurationPlatforms) = preSolution
		Debug|Any CPU = Debug|Any CPU
		Release|Any CPU = Release|Any CPU
	EndGlobalSection
	GlobalSection(ProjectConfigurationPlatforms) = postSolution
		{A9271788-6304-464B-B61A-3B472918EECE}.Debug|Any CPU.ActiveCfg = Debug|Any CPU
		{A9271788-6304-464B-B61A-3B472918EECE}.Debug|Any CPU.Build.0 = Debug|Any CPU
		{A9271788-6304-464B-B61A-3B472918EECE}.Release|Any CPU.ActiveCfg = Release|Any CPU
		{A9271788-6304-464B-B61A-3B472918EECE}.Release|Any CPU.Build.0 = Release|Any CPU
		{8B02917A-0C18-424E-A271-9C4B8532E18B}.Debug|Any CPU.ActiveCfg = Debug|Any CPU
		{8B02917A-0C18-424E-A271-9C4B8532E18B}.Debug|Any CPU.Build.0 = Debug|Any CPU
		{8B02917A-0C18-424E-A271-9C4B8532E18B}.Release|Any CPU.ActiveCfg = Release|Any CPU
		{8B02917A-0C18-424E-A271-9C4B8532E18B}.Release|Any CPU.Build.0 = Release|Any CPU
	EndGlobalSection
	GlobalSection(SolutionProperties) = preSolution
		HideSolutionNode = FALSE
	EndGlobalSection
EndGlobal
